
Microsoft Visual Studio Solution File, Format Version 12.00
# Visual Studio Version 17
VisualStudioVersion = 17.14.36202.13
MinimumVisualStudioVersion = 10.0.40219.1
Project("{FAE04EC0-301F-11D3-BF4B-00C04F79EFBC}") = "QuitQ_Ecom", "QuitQ_Ecom\QuitQ_Ecom.csproj", "{859FF6AF-6FFF-4FCD-B32A-8D8A44AFCBFB}"
EndProject
Project("{FAE04EC0-301F-11D3-BF4B-00C04F79EFBC}") = "QuitQ_Ecom_Test", "QuitQ_Ecom_Test\QuitQ_Ecom_Test.csproj", "{B992F0C0-0AF9-4A4E-AF1C-D5133C513939}"
EndProject
Global
	GlobalSection(SolutionConfigurationPlatforms) = preSolution
		Debug|Any CPU = Debug|Any CPU
		Release|Any CPU = Release|Any CPU
	EndGlobalSection
	GlobalSection(ProjectConfigurationPlatforms) = postSolution
		{859FF6AF-6FFF-4FCD-B32A-8D8A44AFCBFB}.Debug|Any CPU.ActiveCfg = Debug|Any CPU
		{859FF6AF-6FFF-4FCD-B32A-8D8A44AFCBFB}.Debug|Any CPU.Build.0 = Debug|Any CPU
		{859FF6AF-6FFF-4FCD-B32A-8D8A44AFCBFB}.Release|Any CPU.ActiveCfg = Release|Any CPU
		{859FF6AF-6FFF-4FCD-B32A-8D8A44AFCBFB}.Release|Any CPU.Build.0 = Release|Any CPU
		{B992F0C0-0AF9-4A4E-AF1C-D5133C513939}.Debug|Any CPU.ActiveCfg = Debug|Any CPU
		{B992F0C0-0AF9-4A4E-AF1C-D5133C513939}.Debug|Any CPU.Build.0 = Debug|Any CPU
		{B992F0C0-0AF9-4A4E-AF1C-D5133C513939}.Release|Any CPU.ActiveCfg = Release|Any CPU
		{B992F0C0-0AF9-4A4E-AF1C-D5133C513939}.Release|Any CPU.Build.0 = Release|Any CPU
	EndGlobalSection
	GlobalSection(SolutionProperties) = preSolution
		HideSolutionNode = FALSE
	EndGlobalSection
	GlobalSection(ExtensibilityGlobals) = postSolution
		SolutionGuid = {D332DCFB-7FD2-4BEE-ABE8-0CB4A30552F1}
	EndGlobalSection
EndGlobal
